
Microsoft Visual Studio Solution File, Format Version 12.00
# Visual Studio Version 17
VisualStudioVersion = 17.6.33712.159
MinimumVisualStudioVersion = 10.0.40219.1
Project("{FAE04EC0-301F-11D3-BF4B-00C04F79EFBC}") = "PermaTop", "PermaTop\PermaTop.csproj", "{17A20D13-C737-432E-9E20-DAF75CF7ABC4}"
EndProject
Global
	GlobalSection(SolutionConfigurationPlatforms) = preSolution
		Debug|Any CPU = Debug|Any CPU
		Release|Any CPU = Release|Any CPU
	EndGlobalSection
	GlobalSection(ProjectConfigurationPlatforms) = postSolution
		{17A20D13-C737-432E-9E20-DAF75CF7ABC4}.Debug|Any CPU.ActiveCfg = Debug|Any CPU
		{17A20D13-C737-432E-9E20-DAF75CF7ABC4}.Debug|Any CPU.Build.0 = Debug|Any CPU
		{17A20D13-C737-432E-9E20-DAF75CF7ABC4}.Release|Any CPU.ActiveCfg = Release|Any CPU
		{17A20D13-C737-432E-9E20-DAF75CF7ABC4}.Release|Any CPU.Build.0 = Release|Any CPU
	EndGlobalSection
	GlobalSection(SolutionProperties) = preSolution
		HideSolutionNode = FALSE
	EndGlobalSection
	GlobalSection(ExtensibilityGlobals) = postSolution
		SolutionGuid = {3D154A93-644E-479C-8A00-B57C6905A209}
	EndGlobalSection
EndGlobal
